
Microsoft Visual Studio Solution File, Format Version 12.00
# Visual Studio Version 17
VisualStudioVersion = 17.13.35825.156 d17.13
MinimumVisualStudioVersion = 10.0.40219.1
Project("{FAE04EC0-301F-11D3-BF4B-00C04F79EFBC}") = "GestaoBiblioteca", "GestaoBiblioteca.csproj", "{2A1869C5-B973-4721-970E-37596BB4442D}"
EndProject
Global
	GlobalSection(SolutionConfigurationPlatforms) = preSolution
		Debug|Any CPU = Debug|Any CPU
		Release|Any CPU = Release|Any CPU
	EndGlobalSection
	GlobalSection(ProjectConfigurationPlatforms) = postSolution
		{2A1869C5-B973-4721-970E-37596BB4442D}.Debug|Any CPU.ActiveCfg = Debug|Any CPU
		{2A1869C5-B973-4721-970E-37596BB4442D}.Debug|Any CPU.Build.0 = Debug|Any CPU
		{2A1869C5-B973-4721-970E-37596BB4442D}.Release|Any CPU.ActiveCfg = Release|Any CPU
		{2A1869C5-B973-4721-970E-37596BB4442D}.Release|Any CPU.Build.0 = Release|Any CPU
	EndGlobalSection
	GlobalSection(SolutionProperties) = preSolution
		HideSolutionNode = FALSE
	EndGlobalSection
	GlobalSection(ExtensibilityGlobals) = postSolution
		SolutionGuid = {D910B680-1572-47AB-8EF1-5CADF68D08F2}
	EndGlobalSection
EndGlobal
